<?xml version="1.0" encoding="utf-8"?>
<Project ToolsVersion="4.0" xmlns="http://schemas.microsoft.com/developer/msbuild/2003">
  <ItemGroup>
    <Filter Include="소스 파일">
      <UniqueIdentifier>{4FC737F1-C7A5-4376-A066-2A32D752A2FF}</UniqueIdentifier>
      <Extensions>cpp;c;cc;cxx;c++;cppm;ixx;def;odl;idl;hpj;bat;asm;asmx</Extensions>
    </Filter>
    <Filter Include="헤더 파일">
      <UniqueIdentifier>{93995380-89BD-4b04-88EB-625FBE52EBFB}</UniqueIdentifier>
      <Extensions>h;hh;hpp;hxx;h++;hm;inl;inc;ipp;xsd</Extensions>
    </Filter>
    <Filter Include="리소스 파일">
      <UniqueIdentifier>{67DA6AB6-F800-4c08-8B7A-83BB121AAD01}</UniqueIdentifier>
      <Extensions>rc;ico;cur;bmp;dlg;rc2;rct;bin;rgs;gif;jpg;jpeg;jpe;resx;tiff;tif;png;wav;mfcribbon-ms</Extensions>
    </Filter>
    <Filter Include="AH">
      <UniqueIdentifier>{cedac938-f143-4ade-aed5-3b47394cbf94}</UniqueIdentifier>
    </Filter>
    <Filter Include="KYM">
      <UniqueIdentifier>{9592fb0e-07f9-4a9e-856d-2e061e104f89}</UniqueIdentifier>
    </Filter>
    <Filter Include="KYM\CPP">
      <UniqueIdentifier>{2ec6181a-d993-4095-82b1-a549a2d7d5fc}</UniqueIdentifier>
    </Filter>
    <Filter Include="KYM\Header">
      <UniqueIdentifier>{41c49f1a-1825-466d-b2ee-cdf1d07c32a0}</UniqueIdentifier>
    </Filter>
    <Filter Include="KYM\AsciiArts">
      <UniqueIdentifier>{9c7933fe-e35a-48eb-9891-2c283e32a3db}</UniqueIdentifier>
    </Filter>
  </ItemGroup>
  <ItemGroup>
    <ClCompile Include="Console.cpp">
      <Filter>소스 파일</Filter>
    </ClCompile>
    <ClCompile Include="main.cpp">
      <Filter>소스 파일</Filter>
    </ClCompile>
    <ClCompile Include="SoundManager.cpp">
      <Filter>소스 파일</Filter>
    </ClCompile>
    <ClCompile Include="SlotMachineScene.cpp">
      <Filter>KYM\CPP</Filter>
    </ClCompile>
    <ClCompile Include="AsciiArt.cpp">
      <Filter>KYM\AsciiArts</Filter>
    </ClCompile>
  </ItemGroup>
  <ItemGroup>
    <ClInclude Include="SoundManager.h">
      <Filter>헤더 파일</Filter>
    </ClInclude>
    <ClInclude Include="Defines.h">
      <Filter>헤더 파일</Filter>
    </ClInclude>
    <ClInclude Include="Console.h">
      <Filter>헤더 파일</Filter>
    </ClInclude>
    <ClInclude Include="SlotMachineScene.h">
      <Filter>KYM\Header</Filter>
    </ClInclude>
    <ClInclude Include="AsciiArt.h">
      <Filter>KYM\AsciiArts</Filter>
    </ClInclude>
  </ItemGroup>
</Project>